Microsoft Visual Studio Solution File, Format Version 12.00
# Visual Studio Version 17
VisualStudioVersion = 17.5.2.0
MinimumVisualStudioVersion = 10.0.40219.1
Project("{FAE04EC0-301F-11D3-BF4B-00C04F79EFBC}") = "BaaSScheduler", "BaaSScheduler\BaaSScheduler.csproj", "{684DA08A-A2FF-6601-E1CF-A0D262847CF3}"
EndProject
Global
	GlobalSection(SolutionConfigurationPlatforms) = preSolution
		Debug|Any CPU = Debug|Any CPU
		Release|Any CPU = Release|Any CPU
	EndGlobalSection
	GlobalSection(ProjectConfigurationPlatforms) = postSolution
		{684DA08A-A2FF-6601-E1CF-A0D262847CF3}.Debug|Any CPU.ActiveCfg = Debug|Any CPU
		{684DA08A-A2FF-6601-E1CF-A0D262847CF3}.Debug|Any CPU.Build.0 = Debug|Any CPU
		{684DA08A-A2FF-6601-E1CF-A0D262847CF3}.Release|Any CPU.ActiveCfg = Release|Any CPU
		{684DA08A-A2FF-6601-E1CF-A0D262847CF3}.Release|Any CPU.Build.0 = Release|Any CPU
	EndGlobalSection
	GlobalSection(SolutionProperties) = preSolution
		HideSolutionNode = FALSE
	EndGlobalSection
	GlobalSection(ExtensibilityGlobals) = postSolution
		SolutionGuid = {D711ACA9-BBBE-455B-BFE8-DE03D55070F4}
	EndGlobalSection
EndGlobal
